{
  "name": "angular2-social-login",
  "version": "3.0.1",
  "lockfileVersion": 1,
  "dependencies": {
    "@angular/common": {
      "version": "2.4.10",
      "resolved": "https://registry.npmjs.org/@angular/common/-/common-2.4.10.tgz",
      "integrity": "sha1-o6aC0iKPow7CPdDrV8joh/uiaZc=",
      "dev": true
    },
    "@angular/compiler": {
      "version": "2.4.10",
      "resolved": "https://registry.npmjs.org/@angular/compiler/-/compiler-2.4.10.tgz",
      "integrity": "sha1-9R/TSCCyoCx8th+89JhzxYBW+ww=",
      "dev": true
    },
    "@angular/compiler-cli": {
      "version": "2.4.10",
      "resolved": "https://registry.npmjs.org/@angular/compiler-cli/-/compiler-cli-2.4.10.tgz",
      "integrity": "sha1-whFDv6q0UjHI0uqoJFa+09OfkaM=",
      "dev": true
    },
    "@angular/core": {
      "version": "2.4.10",
      "resolved": "https://registry.npmjs.org/@angular/core/-/core-2.4.10.tgz",
      "integrity": "sha1-C4MgplBlll2ZhkWx9c0892m0Qeo=",
      "dev": true
    },
    "@angular/http": {
      "version": "2.4.10",
      "resolved": "https://registry.npmjs.org/@angular/http/-/http-2.4.10.tgz",
      "integrity": "sha1-/2vq3ls5yYnr8jk8SbNO69Q+lVU=",
      "dev": true
    },
    "@angular/platform-browser": {
      "version": "2.4.10",
      "resolved": "https://registry.npmjs.org/@angular/platform-browser/-/platform-browser-2.4.10.tgz",
      "integrity": "sha1-y/JWCBSPtP/vlsxQBbpdez4JOQY=",
      "dev": true
    },
    "@angular/tsc-wrapped": {
      "version": "0.5.2",
      "resolved": "https://registry.npmjs.org/@angular/tsc-wrapped/-/tsc-wrapped-0.5.2.tgz",
      "integrity": "sha1-Lt30csRn/LM06pTe3aqnGZDFpII=",
      "dev": true
    },
    "@types/core-js": {
      "version": "0.9.42",
      "resolved": "https://registry.npmjs.org/@types/core-js/-/core-js-0.9.42.tgz",
      "integrity": "sha512-AiEZz42jF2f4nkcJ2OhKWxIbXU62pEHmFoaGoGo83seUzDEncxEZtBPX2i2DLUpcVpaVVxAsqAAZzTyrV0A/RQ==",
      "dev": true
    },
    "align-text": {
      "version": "0.1.4",
      "resolved": "https://registry.npmjs.org/align-text/-/align-text-0.1.4.tgz",
      "integrity": "sha1-DNkKVhCT810KmSVsIrcGlDP60Rc=",
      "dev": true
    },
    "camelcase": {
      "version": "1.2.1",
      "resolved": "https://registry.npmjs.org/camelcase/-/camelcase-1.2.1.tgz",
      "integrity": "sha1-m7UwTS4LVmmLLHWLCKPqqdqlijk=",
      "dev": true
    },
    "center-align": {
      "version": "0.1.3",
      "resolved": "https://registry.npmjs.org/center-align/-/center-align-0.1.3.tgz",
      "integrity": "sha1-qg0yYptu6XIgBBHL1EYckHvCt60=",
      "dev": true
    },
    "cliui": {
      "version": "2.1.0",
      "resolved": "https://registry.npmjs.org/cliui/-/cliui-2.1.0.tgz",
      "integrity": "sha1-S0dXYP+AJkx2LDoXGQMukcf+oNE=",
      "dev": true
    },
    "decamelize": {
      "version": "1.2.0",
      "resolved": "https://registry.npmjs.org/decamelize/-/decamelize-1.2.0.tgz",
      "integrity": "sha1-9lNNFRSCabIDUue+4m9QH5oZEpA=",
      "dev": true
    },
    "is-buffer": {
      "version": "1.1.5",
      "resolved": "https://registry.npmjs.org/is-buffer/-/is-buffer-1.1.5.tgz",
      "integrity": "sha1-Hzsm72E7IUuIy8ojzGwB2Hlh7sw=",
      "dev": true
    },
    "kind-of": {
      "version": "3.2.2",
      "resolved": "https://registry.npmjs.org/kind-of/-/kind-of-3.2.2.tgz",
      "integrity": "sha1-MeohpzS6ubuw8yRm2JOupR5KPGQ=",
      "dev": true
    },
    "lazy-cache": {
      "version": "1.0.4",
      "resolved": "https://registry.npmjs.org/lazy-cache/-/lazy-cache-1.0.4.tgz",
      "integrity": "sha1-odePw6UEdMuAhF07O24dpJpEbo4=",
      "dev": true
    },
    "longest": {
      "version": "1.0.1",
      "resolved": "https://registry.npmjs.org/longest/-/longest-1.0.1.tgz",
      "integrity": "sha1-MKCy2jj3N3DoKUoNIuZiXtd9AJc=",
      "dev": true
    },
    "minimist": {
      "version": "1.2.0",
      "resolved": "https://registry.npmjs.org/minimist/-/minimist-1.2.0.tgz",
      "integrity": "sha1-o1AIsg9BOD7sH7kU9M1d95omQoQ=",
      "dev": true
    },
    "mkdirp": {
      "version": "0.5.1",
      "resolved": "https://registry.npmjs.org/mkdirp/-/mkdirp-0.5.1.tgz",
      "integrity": "sha1-MAV0OOrGz3+MR2fzhkjWaX11yQM=",
      "dev": true,
      "dependencies": {
        "minimist": {
          "version": "0.0.8",
          "resolved": "https://registry.npmjs.org/minimist/-/minimist-0.0.8.tgz",
          "integrity": "sha1-hX/Kv8M5fSYluCKCYuhqp6ARsF0=",
          "dev": true
        }
      }
    },
    "reflect-metadata": {
      "version": "0.1.10",
      "resolved": "https://registry.npmjs.org/reflect-metadata/-/reflect-metadata-0.1.10.tgz",
      "integrity": "sha1-tPg3BEFqytiZiMmxVjXUfgO5NEo=",
      "dev": true
    },
    "repeat-string": {
      "version": "1.6.1",
      "resolved": "https://registry.npmjs.org/repeat-string/-/repeat-string-1.6.1.tgz",
      "integrity": "sha1-jcrkcOHIirwtYA//Sndihtp15jc=",
      "dev": true
    },
    "right-align": {
      "version": "0.1.3",
      "resolved": "https://registry.npmjs.org/right-align/-/right-align-0.1.3.tgz",
      "integrity": "sha1-YTObci/mo1FWiSENJOFMlhSGE+8=",
      "dev": true
    },
    "rollup": {
      "version": "0.41.6",
      "resolved": "https://registry.npmjs.org/rollup/-/rollup-0.41.6.tgz",
      "integrity": "sha1-4NBUl4d6OYwQTYFtJzOnGKepTio=",
      "dev": true
    },
    "rxjs": {
      "version": "5.0.1",
      "resolved": "https://registry.npmjs.org/rxjs/-/rxjs-5.0.1.tgz",
      "integrity": "sha1-Omm9+fDKCphjAzcNRwj3K9+sg1Y=",
      "dev": true
    },
    "source-map": {
      "version": "0.5.6",
      "resolved": "https://registry.npmjs.org/source-map/-/source-map-0.5.6.tgz",
      "integrity": "sha1-dc449SvwczxafwwRjYEzSiu19BI=",
      "dev": true
    },
    "source-map-support": {
      "version": "0.4.15",
      "resolved": "https://registry.npmjs.org/source-map-support/-/source-map-support-0.4.15.tgz",
      "integrity": "sha1-AyAt9lwG0r2MfsI2KhkwVv7407E=",
      "dev": true
    },
    "symbol-observable": {
      "version": "1.0.4",
      "resolved": "https://registry.npmjs.org/symbol-observable/-/symbol-observable-1.0.4.tgz",
      "integrity": "sha1-Kb9hXUqnEhvdiYsi1LP5vE4qoD0=",
      "dev": true
    },
    "tsickle": {
      "version": "0.2.6",
      "resolved": "https://registry.npmjs.org/tsickle/-/tsickle-0.2.6.tgz",
      "integrity": "sha1-rUq/kudOvfP7WqGHyoWwIGb+Ghs=",
      "dev": true
    },
    "typescript": {
      "version": "2.4.1",
      "resolved": "https://registry.npmjs.org/typescript/-/typescript-2.4.1.tgz",
      "integrity": "sha1-w8yxbdqgsjFN4DHn5v7onlujRrw=",
      "dev": true
    },
    "uglify-js": {
      "version": "2.8.29",
      "resolved": "https://registry.npmjs.org/uglify-js/-/uglify-js-2.8.29.tgz",
      "integrity": "sha1-KcVzMUgFe7Th913zW3qcty5qWd0=",
      "dev": true
    },
    "uglify-to-browserify": {
      "version": "1.0.2",
      "resolved": "https://registry.npmjs.org/uglify-to-browserify/-/uglify-to-browserify-1.0.2.tgz",
      "integrity": "sha1-bgkk1r2mta/jSeOabWMoUKD4grc=",
      "dev": true,
      "optional": true
    },
    "window-size": {
      "version": "0.1.0",
      "resolved": "https://registry.npmjs.org/window-size/-/window-size-0.1.0.tgz",
      "integrity": "sha1-VDjNLqk7IC76Ohn+iIeu58lPnJ0=",
      "dev": true
    },
    "wordwrap": {
      "version": "0.0.2",
      "resolved": "https://registry.npmjs.org/wordwrap/-/wordwrap-0.0.2.tgz",
      "integrity": "sha1-t5Zpu0LstAn4PVg8rVLKF+qhZD8=",
      "dev": true
    },
    "yargs": {
      "version": "3.10.0",
      "resolved": "https://registry.npmjs.org/yargs/-/yargs-3.10.0.tgz",
      "integrity": "sha1-9+572FfdfB0tOMDnTvvWgdFDH9E=",
      "dev": true
    },
    "zone.js": {
      "version": "0.7.8",
      "resolved": "https://registry.npmjs.org/zone.js/-/zone.js-0.7.8.tgz",
      "integrity": "sha1-Tz/og01EWX8mOQU6D6Q43zT//e0=",
      "dev": true
    }
  }
}
